
Microsoft Visual Studio Solution File, Format Version 12.00
# Visual Studio Version 17
VisualStudioVersion = 17.1.32210.238
MinimumVisualStudioVersion = 10.0.40219.1
Project("{FAE04EC0-301F-11D3-BF4B-00C04F79EFBC}") = "TrackingAPI", "TrackingAPI\TrackingAPI.csproj", "{D7DA46F4-86A6-437F-9F2F-625FC3CE0F47}"
EndProject
Global
	GlobalSection(SolutionConfigurationPlatforms) = preSolution
		Debug|Any CPU = Debug|Any CPU
		Release|Any CPU = Release|Any CPU
	EndGlobalSection
	GlobalSection(ProjectConfigurationPlatforms) = postSolution
		{D7DA46F4-86A6-437F-9F2F-625FC3CE0F47}.Debug|Any CPU.ActiveCfg = Debug|Any CPU
		{D7DA46F4-86A6-437F-9F2F-625FC3CE0F47}.Debug|Any CPU.Build.0 = Debug|Any CPU
		{D7DA46F4-86A6-437F-9F2F-625FC3CE0F47}.Release|Any CPU.ActiveCfg = Release|Any CPU
		{D7DA46F4-86A6-437F-9F2F-625FC3CE0F47}.Release|Any CPU.Build.0 = Release|Any CPU
	EndGlobalSection
	GlobalSection(SolutionProperties) = preSolution
		HideSolutionNode = FALSE
	EndGlobalSection
	GlobalSection(ExtensibilityGlobals) = postSolution
		SolutionGuid = {FF11FD4E-D30C-4D9C-9A0E-AE1634320323}
	EndGlobalSection
EndGlobal
